
Microsoft Visual Studio Solution File, Format Version 12.00
# Visual Studio Version 17
VisualStudioVersion = 17.8.34511.84
MinimumVisualStudioVersion = 10.0.40219.1
Project("{9A19103F-16F7-4668-BE54-9A1E7A4F7556}") = "InsightWeb", "Insight.Web\InsightWeb.csproj", "{AB95F2D6-8A7A-4B0C-8BD4-E7D164C5C7F9}"
EndProject
Project("{9A19103F-16F7-4668-BE54-9A1E7A4F7556}") = "OrderReleaseProtocol.Client", "OrderReleaseProtocol.Client\OrderReleaseProtocol.Client.csproj", "{A25E09C8-8FDD-457B-AE11-745D5E8538D5}"
EndProject
Project("{9A19103F-16F7-4668-BE54-9A1E7A4F7556}") = "Insight.Shared", "Insight.Shared\Insight.Shared.csproj", "{4B9AB698-A355-4D23-ABC2-9491F6CFBCE7}"
EndProject
Project("{2150E333-8FDC-42A3-9474-1A3956D46DE8}") = "OrderReleaseProtocol", "OrderReleaseProtocol", "{A24178C4-2EF1-4CFF-AE36-03A20422FF92}"
EndProject
Project("{2150E333-8FDC-42A3-9474-1A3956D46DE8}") = "MasterData", "MasterData", "{CB23C233-A6EC-4354-AF6C-CEEA32114595}"
EndProject
Project("{9A19103F-16F7-4668-BE54-9A1E7A4F7556}") = "OrderReleaseProtocol.API", "OrderReleaseProtocol.API\OrderReleaseProtocol.API.csproj", "{EB6A85A9-98A8-4E83-8539-6A7CE2D9B83E}"
EndProject
Project("{9A19103F-16F7-4668-BE54-9A1E7A4F7556}") = "MasterData.API", "MasterData.API\MasterData.API.csproj", "{0532FB70-16DB-477A-BBEB-0D4BE1639F80}"
EndProject
Project("{2150E333-8FDC-42A3-9474-1A3956D46DE8}") = "Shared", "Shared", "{893D209E-ED07-434C-9A0F-E8140BB7CDD0}"
EndProject
Project("{9A19103F-16F7-4668-BE54-9A1E7A4F7556}") = "Insight.ServiceShared", "Insight.ServiceShared\Insight.ServiceShared.csproj", "{9A3889AD-FC4C-4B56-B15D-881D27339B11}"
EndProject
Project("{2150E333-8FDC-42A3-9474-1A3956D46DE8}") = "Solution Items", "Solution Items", "{6B65D715-D75C-418C-BA78-1FBF3CB3B581}"
	ProjectSection(SolutionItems) = preProject
		.editorconfig = .editorconfig
	EndProjectSection
EndProject
Project("{9A19103F-16F7-4668-BE54-9A1E7A4F7556}") = "MasterData.ApiClient", "MasterData.ApiClient\MasterData.ApiClient.csproj", "{DA26EBF9-9254-4B29-91DB-46B70B9B3749}"
EndProject
Project("{FAE04EC0-301F-11D3-BF4B-00C04F79EFBC}") = "MasterData.API.Model", "MasterData.API.Model\MasterData.API.Model.csproj", "{5CAA5B51-E2C1-4E93-BCEA-3C7DF3958E13}"
EndProject
Global
	GlobalSection(SolutionConfigurationPlatforms) = preSolution
		Debug|Any CPU = Debug|Any CPU
		Release|Any CPU = Release|Any CPU
	EndGlobalSection
	GlobalSection(ProjectConfigurationPlatforms) = postSolution
		{AB95F2D6-8A7A-4B0C-8BD4-E7D164C5C7F9}.Debug|Any CPU.ActiveCfg = Debug|Any CPU
		{AB95F2D6-8A7A-4B0C-8BD4-E7D164C5C7F9}.Debug|Any CPU.Build.0 = Debug|Any CPU
		{AB95F2D6-8A7A-4B0C-8BD4-E7D164C5C7F9}.Release|Any CPU.ActiveCfg = Release|Any CPU
		{AB95F2D6-8A7A-4B0C-8BD4-E7D164C5C7F9}.Release|Any CPU.Build.0 = Release|Any CPU
		{A25E09C8-8FDD-457B-AE11-745D5E8538D5}.Debug|Any CPU.ActiveCfg = Debug|Any CPU
		{A25E09C8-8FDD-457B-AE11-745D5E8538D5}.Debug|Any CPU.Build.0 = Debug|Any CPU
		{A25E09C8-8FDD-457B-AE11-745D5E8538D5}.Release|Any CPU.ActiveCfg = Release|Any CPU
		{A25E09C8-8FDD-457B-AE11-745D5E8538D5}.Release|Any CPU.Build.0 = Release|Any CPU
		{4B9AB698-A355-4D23-ABC2-9491F6CFBCE7}.Debug|Any CPU.ActiveCfg = Debug|Any CPU
		{4B9AB698-A355-4D23-ABC2-9491F6CFBCE7}.Debug|Any CPU.Build.0 = Debug|Any CPU
		{4B9AB698-A355-4D23-ABC2-9491F6CFBCE7}.Release|Any CPU.ActiveCfg = Release|Any CPU
		{4B9AB698-A355-4D23-ABC2-9491F6CFBCE7}.Release|Any CPU.Build.0 = Release|Any CPU
		{EB6A85A9-98A8-4E83-8539-6A7CE2D9B83E}.Debug|Any CPU.ActiveCfg = Debug|Any CPU
		{EB6A85A9-98A8-4E83-8539-6A7CE2D9B83E}.Debug|Any CPU.Build.0 = Debug|Any CPU
		{EB6A85A9-98A8-4E83-8539-6A7CE2D9B83E}.Release|Any CPU.ActiveCfg = Release|Any CPU
		{EB6A85A9-98A8-4E83-8539-6A7CE2D9B83E}.Release|Any CPU.Build.0 = Release|Any CPU
		{0532FB70-16DB-477A-BBEB-0D4BE1639F80}.Debug|Any CPU.ActiveCfg = Debug|Any CPU
		{0532FB70-16DB-477A-BBEB-0D4BE1639F80}.Debug|Any CPU.Build.0 = Debug|Any CPU
		{0532FB70-16DB-477A-BBEB-0D4BE1639F80}.Release|Any CPU.ActiveCfg = Release|Any CPU
		{0532FB70-16DB-477A-BBEB-0D4BE1639F80}.Release|Any CPU.Build.0 = Release|Any CPU
		{9A3889AD-FC4C-4B56-B15D-881D27339B11}.Debug|Any CPU.ActiveCfg = Debug|Any CPU
		{9A3889AD-FC4C-4B56-B15D-881D27339B11}.Debug|Any CPU.Build.0 = Debug|Any CPU
		{9A3889AD-FC4C-4B56-B15D-881D27339B11}.Release|Any CPU.ActiveCfg = Release|Any CPU
		{9A3889AD-FC4C-4B56-B15D-881D27339B11}.Release|Any CPU.Build.0 = Release|Any CPU
		{DA26EBF9-9254-4B29-91DB-46B70B9B3749}.Debug|Any CPU.ActiveCfg = Debug|Any CPU
		{DA26EBF9-9254-4B29-91DB-46B70B9B3749}.Debug|Any CPU.Build.0 = Debug|Any CPU
		{DA26EBF9-9254-4B29-91DB-46B70B9B3749}.Release|Any CPU.ActiveCfg = Release|Any CPU
		{DA26EBF9-9254-4B29-91DB-46B70B9B3749}.Release|Any CPU.Build.0 = Release|Any CPU
		{5CAA5B51-E2C1-4E93-BCEA-3C7DF3958E13}.Debug|Any CPU.ActiveCfg = Debug|Any CPU
		{5CAA5B51-E2C1-4E93-BCEA-3C7DF3958E13}.Debug|Any CPU.Build.0 = Debug|Any CPU
		{5CAA5B51-E2C1-4E93-BCEA-3C7DF3958E13}.Release|Any CPU.ActiveCfg = Release|Any CPU
		{5CAA5B51-E2C1-4E93-BCEA-3C7DF3958E13}.Release|Any CPU.Build.0 = Release|Any CPU
	EndGlobalSection
	GlobalSection(SolutionProperties) = preSolution
		HideSolutionNode = FALSE
	EndGlobalSection
	GlobalSection(NestedProjects) = preSolution
		{A25E09C8-8FDD-457B-AE11-745D5E8538D5} = {A24178C4-2EF1-4CFF-AE36-03A20422FF92}
		{4B9AB698-A355-4D23-ABC2-9491F6CFBCE7} = {893D209E-ED07-434C-9A0F-E8140BB7CDD0}
		{EB6A85A9-98A8-4E83-8539-6A7CE2D9B83E} = {A24178C4-2EF1-4CFF-AE36-03A20422FF92}
		{0532FB70-16DB-477A-BBEB-0D4BE1639F80} = {CB23C233-A6EC-4354-AF6C-CEEA32114595}
		{9A3889AD-FC4C-4B56-B15D-881D27339B11} = {893D209E-ED07-434C-9A0F-E8140BB7CDD0}
		{DA26EBF9-9254-4B29-91DB-46B70B9B3749} = {CB23C233-A6EC-4354-AF6C-CEEA32114595}
		{5CAA5B51-E2C1-4E93-BCEA-3C7DF3958E13} = {CB23C233-A6EC-4354-AF6C-CEEA32114595}
	EndGlobalSection
	GlobalSection(ExtensibilityGlobals) = postSolution
		SolutionGuid = {B46BB221-AA0B-43D5-BB23-8D966D7CC9BF}
	EndGlobalSection
EndGlobal
